
Microsoft Visual Studio Solution File, Format Version 12.00
# Visual Studio Version 17
VisualStudioVersion = 17.9.34902.65
MinimumVisualStudioVersion = 10.0.40219.1
Project("{9A19103F-16F7-4668-BE54-9A1E7A4F7556}") = "MultiBoxHelper", "MultiBoxHelper\MultiBoxHelper.csproj", "{13C812E9-0D42-4B95-8646-40EEBF30636F}"
EndProject
Project("{2150E333-8FDC-42A3-9474-1A3956D46DE8}") = "Solution Items", "Solution Items", "{E249817E-D061-4352-8622-98FEE837182F}"
	ProjectSection(SolutionItems) = preProject
		repo.json = repo.json
	EndProjectSection
EndProject
Project("{2150E333-8FDC-42A3-9474-1A3956D46DE8}") = "Data", "Data", "{757829C6-9083-48A3-A451-DE13074A780A}"
	ProjectSection(SolutionItems) = preProject
		Data\goat.png = Data\goat.png
	EndProjectSection
EndProject
Project("{2150E333-8FDC-42A3-9474-1A3956D46DE8}") = "Documentation", "Documentation", "{998CFF77-7D17-428A-8686-7025DFF0A3B3}"
	ProjectSection(SolutionItems) = preProject
		LICENSE.md = LICENSE.md
		README.md = README.md
	EndProjectSection
EndProject
Project("{2150E333-8FDC-42A3-9474-1A3956D46DE8}") = "Workflows", "Workflows", "{EA079E67-9232-4288-B44B-7DCDC550CA7F}"
	ProjectSection(SolutionItems) = preProject
		.github\workflows\release.yml = .github\workflows\release.yml
		.github\workflows\test_release.yaml = .github\workflows\test_release.yaml
	EndProjectSection
EndProject
Project("{2150E333-8FDC-42A3-9474-1A3956D46DE8}") = "images", "images", "{9B454286-AB53-44C0-A119-15DED108A3EC}"
	ProjectSection(SolutionItems) = preProject
		images\multiboxhelper.png = images\multiboxhelper.png
	EndProjectSection
EndProject
Project("{9A19103F-16F7-4668-BE54-9A1E7A4F7556}") = "Penumbra.Api", "Penumbra.Api\Penumbra.Api.csproj", "{A17F0AD8-5D82-4381-A8D6-ED6A8C5F18F8}"
EndProject
Global
	GlobalSection(SolutionConfigurationPlatforms) = preSolution
		Debug|Any CPU = Debug|Any CPU
		Debug|x64 = Debug|x64
		Release|Any CPU = Release|Any CPU
		Release|x64 = Release|x64
	EndGlobalSection
	GlobalSection(ProjectConfigurationPlatforms) = postSolution
		{13C812E9-0D42-4B95-8646-40EEBF30636F}.Debug|Any CPU.ActiveCfg = Debug|x64
		{13C812E9-0D42-4B95-8646-40EEBF30636F}.Debug|Any CPU.Build.0 = Debug|x64
		{13C812E9-0D42-4B95-8646-40EEBF30636F}.Debug|x64.ActiveCfg = Debug|x64
		{13C812E9-0D42-4B95-8646-40EEBF30636F}.Debug|x64.Build.0 = Debug|x64
		{13C812E9-0D42-4B95-8646-40EEBF30636F}.Release|Any CPU.ActiveCfg = Release|x64
		{13C812E9-0D42-4B95-8646-40EEBF30636F}.Release|Any CPU.Build.0 = Release|x64
		{13C812E9-0D42-4B95-8646-40EEBF30636F}.Release|x64.ActiveCfg = Release|x64
		{13C812E9-0D42-4B95-8646-40EEBF30636F}.Release|x64.Build.0 = Release|x64
		{A17F0AD8-5D82-4381-A8D6-ED6A8C5F18F8}.Debug|Any CPU.ActiveCfg = Debug|Any CPU
		{A17F0AD8-5D82-4381-A8D6-ED6A8C5F18F8}.Debug|Any CPU.Build.0 = Debug|Any CPU
		{A17F0AD8-5D82-4381-A8D6-ED6A8C5F18F8}.Debug|x64.ActiveCfg = Debug|Any CPU
		{A17F0AD8-5D82-4381-A8D6-ED6A8C5F18F8}.Debug|x64.Build.0 = Debug|Any CPU
		{A17F0AD8-5D82-4381-A8D6-ED6A8C5F18F8}.Release|Any CPU.ActiveCfg = Release|Any CPU
		{A17F0AD8-5D82-4381-A8D6-ED6A8C5F18F8}.Release|Any CPU.Build.0 = Release|Any CPU
		{A17F0AD8-5D82-4381-A8D6-ED6A8C5F18F8}.Release|x64.ActiveCfg = Release|Any CPU
		{A17F0AD8-5D82-4381-A8D6-ED6A8C5F18F8}.Release|x64.Build.0 = Release|Any CPU
	EndGlobalSection
	GlobalSection(SolutionProperties) = preSolution
		HideSolutionNode = FALSE
	EndGlobalSection
	GlobalSection(NestedProjects) = preSolution
		{757829C6-9083-48A3-A451-DE13074A780A} = {E249817E-D061-4352-8622-98FEE837182F}
		{998CFF77-7D17-428A-8686-7025DFF0A3B3} = {E249817E-D061-4352-8622-98FEE837182F}
		{EA079E67-9232-4288-B44B-7DCDC550CA7F} = {E249817E-D061-4352-8622-98FEE837182F}
		{9B454286-AB53-44C0-A119-15DED108A3EC} = {E249817E-D061-4352-8622-98FEE837182F}
	EndGlobalSection
	GlobalSection(ExtensibilityGlobals) = postSolution
		SolutionGuid = {B17E85B1-5F60-4440-9F9A-3DDE877E8CDF}
	EndGlobalSection
EndGlobal
